
Microsoft Visual Studio Solution File, Format Version 12.00
# Visual Studio 15
VisualStudioVersion = 15.0.28307.2017
MinimumVisualStudioVersion = 10.0.40219.1
Project("{F184B08F-C81C-45F6-A57F-5ABD9991F28F}") = "Latte Selection City", "Latte Selection City\Latte Selection City.vbproj", "{A3BC470B-465B-47C1-8881-A705C796657E}"
EndProject
Global
	GlobalSection(SolutionConfigurationPlatforms) = preSolution
		Debug|Any CPU = Debug|Any CPU
		Release|Any CPU = Release|Any CPU
	EndGlobalSection
	GlobalSection(ProjectConfigurationPlatforms) = postSolution
		{A3BC470B-465B-47C1-8881-A705C796657E}.Debug|Any CPU.ActiveCfg = Debug|Any CPU
		{A3BC470B-465B-47C1-8881-A705C796657E}.Debug|Any CPU.Build.0 = Debug|Any CPU
		{A3BC470B-465B-47C1-8881-A705C796657E}.Release|Any CPU.ActiveCfg = Release|Any CPU
		{A3BC470B-465B-47C1-8881-A705C796657E}.Release|Any CPU.Build.0 = Release|Any CPU
	EndGlobalSection
	GlobalSection(SolutionProperties) = preSolution
		HideSolutionNode = FALSE
	EndGlobalSection
	GlobalSection(ExtensibilityGlobals) = postSolution
		SolutionGuid = {59D2A179-1AE0-4958-8BFA-5170E4202E5F}
	EndGlobalSection
EndGlobal
